
Microsoft Visual Studio Solution File, Format Version 12.00
# Visual Studio Version 17
VisualStudioVersion = 17.1.32228.430
MinimumVisualStudioVersion = 10.0.40219.1
Project("{9A19103F-16F7-4668-BE54-9A1E7A4F7556}") = "BillingAPI", "BillingAPI\BillingAPI.csproj", "{FADB09D2-C1E5-42D3-B464-A68C8F89FC89}"
EndProject
Project("{FAE04EC0-301F-11D3-BF4B-00C04F79EFBC}") = "BillingAPI.Tests", "BillingAPI.Tests\BillingAPI.Tests.csproj", "{4F1E5833-997C-4B3F-BF1B-43BB3773F722}"
EndProject
Global
	GlobalSection(SolutionConfigurationPlatforms) = preSolution
		Debug|Any CPU = Debug|Any CPU
		Release|Any CPU = Release|Any CPU
	EndGlobalSection
	GlobalSection(ProjectConfigurationPlatforms) = postSolution
		{FADB09D2-C1E5-42D3-B464-A68C8F89FC89}.Debug|Any CPU.ActiveCfg = Debug|Any CPU
		{FADB09D2-C1E5-42D3-B464-A68C8F89FC89}.Debug|Any CPU.Build.0 = Debug|Any CPU
		{FADB09D2-C1E5-42D3-B464-A68C8F89FC89}.Release|Any CPU.ActiveCfg = Release|Any CPU
		{FADB09D2-C1E5-42D3-B464-A68C8F89FC89}.Release|Any CPU.Build.0 = Release|Any CPU
		{4F1E5833-997C-4B3F-BF1B-43BB3773F722}.Debug|Any CPU.ActiveCfg = Debug|Any CPU
		{4F1E5833-997C-4B3F-BF1B-43BB3773F722}.Debug|Any CPU.Build.0 = Debug|Any CPU
		{4F1E5833-997C-4B3F-BF1B-43BB3773F722}.Release|Any CPU.ActiveCfg = Release|Any CPU
		{4F1E5833-997C-4B3F-BF1B-43BB3773F722}.Release|Any CPU.Build.0 = Release|Any CPU
	EndGlobalSection
	GlobalSection(SolutionProperties) = preSolution
		HideSolutionNode = FALSE
	EndGlobalSection
	GlobalSection(ExtensibilityGlobals) = postSolution
		SolutionGuid = {DEE4DF23-01D8-4041-89D4-CBC76C7510D7}
	EndGlobalSection
EndGlobal
